// !$*UTF8*$!
{
	archiveVersion = 1;
	classes = {
	};
	objectVersion = 77;
	objects = {

/* Begin PBXContainerItemProxy section */
		7657B1962CFD9AA400061E44 /* PBXContainerItemProxy */ = {
			isa = PBXContainerItemProxy;
			containerPortal = 7657B1772CFD9AA200061E44 /* Project object */;
			proxyType = 1;
			remoteGlobalIDString = 7657B17E2CFD9AA200061E44;
			remoteInfo = iOSMiniProject;
		};
		7657B1A02CFD9AA400061E44 /* PBXContainerItemProxy */ = {
			isa = PBXContainerItemProxy;
			containerPortal = 7657B1772CFD9AA200061E44 /* Project object */;
			proxyType = 1;
			remoteGlobalIDString = 7657B17E2CFD9AA200061E44;
			remoteInfo = iOSMiniProject;
		};
/* End PBXContainerItemProxy section */

/* Begin PBXFileReference section */
		7657B17F2CFD9AA200061E44 /* iOSMiniProject.app */ = {isa = PBXFileReference; explicitFileType = wrapper.application; includeInIndex = 0; path = iOSMiniProject.app; sourceTree = BUILT_PRODUCTS_DIR; };
		7657B1952CFD9AA400061E44 /* iOSMiniProjectTests.xctest */ = {isa = PBXFileReference; explicitFileType = wrapper.cfbundle; includeInIndex = 0; path = iOSMiniProjectTests.xctest; sourceTree = BUILT_PRODUCTS_DIR; };
		7657B19F2CFD9AA400061E44 /* iOSMiniProjectUITests.xctest */ = {isa = PBXFileReference; explicitFileType = wrapper.cfbundle; includeInIndex = 0; path = iOSMiniProjectUITests.xctest; sourceTree = BUILT_PRODUCTS_DIR; };
/* End PBXFileReference section */

/* Begin PBXFileSystemSynchronizedBuildFileExceptionSet section */
		7657B1A72CFD9AA400061E44 /* Exceptions for "iOSMiniProject" folder in "iOSMiniProject" target */ = {
			isa = PBXFileSystemSynchronizedBuildFileExceptionSet;
			membershipExceptions = (
				Info.plist,
			);
			target = 7657B17E2CFD9AA200061E44 /* iOSMiniProject */;
		};
/* End PBXFileSystemSynchronizedBuildFileExceptionSet section */

/* Begin PBXFileSystemSynchronizedRootGroup section */
		7657B1812CFD9AA200061E44 /* iOSMiniProject */ = {
			isa = PBXFileSystemSynchronizedRootGroup;
			exceptions = (
				7657B1A72CFD9AA400061E44 /* Exceptions for "iOSMiniProject" folder in "iOSMiniProject" target */,
			);
			path = iOSMiniProject;
			sourceTree = "<group>";
		};
		7657B1982CFD9AA400061E44 /* iOSMiniProjectTests */ = {
			isa = PBXFileSystemSynchronizedRootGroup;
			path = iOSMiniProjectTests;
			sourceTree = "<group>";
		};
		7657B1A22CFD9AA400061E44 /* iOSMiniProjectUITests */ = {
			isa = PBXFileSystemSynchronizedRootGroup;
			path = iOSMiniProjectUITests;
			sourceTree = "<group>";
		};
/* End PBXFileSystemSynchronizedRootGroup section */

/* Begin PBXFrameworksBuildPhase section */
		7657B17C2CFD9AA200061E44 /* Frameworks */ = {
			isa = PBXFrameworksBuildPhase;
			buildActionMask = 2147483647;
			files = (
			);
			runOnlyForDeploymentPostprocessing = 0;
		};
		7657B1922CFD9AA400061E44 /* Frameworks */ = {
			isa = PBXFrameworksBuildPhase;
			buildActionMask = 2147483647;
			files = (
			);
			runOnlyForDeploymentPostprocessing = 0;
		};
		7657B19C2CFD9AA400061E44 /* Frameworks */ = {
			isa = PBXFrameworksBuildPhase;
			buildActionMask = 2147483647;
			files = (
			);
			runOnlyForDeploymentPostprocessing = 0;
		};
/* End PBXFrameworksBuildPhase section */

/* Begin PBXGroup section */
		7657B1762CFD9AA200061E44 = {
			isa = PBXGroup;
			children = (
				7657B1812CFD9AA200061E44 /* iOSMiniProject */,
				7657B1982CFD9AA400061E44 /* iOSMiniProjectTests */,
				7657B1A22CFD9AA400061E44 /* iOSMiniProjectUITests */,
				7657B1802CFD9AA200061E44 /* Products */,
			);
			sourceTree = "<group>";
		};
		7657B1802CFD9AA200061E44 /* Products */ = {
			isa = PBXGroup;
			children = (
				7657B17F2CFD9AA200061E44 /* iOSMiniProject.app */,
				7657B1952CFD9AA400061E44 /* iOSMiniProjectTests.xctest */,
				7657B19F2CFD9AA400061E44 /* iOSMiniProjectUITests.xctest */,
			);
			name = Products;
			sourceTree = "<group>";
		};
/* End PBXGroup section */

/* Begin PBXNativeTarget section */
		7657B17E2CFD9AA200061E44 /* iOSMiniProject */ = {
			isa = PBXNativeTarget;
			buildConfigurationList = 7657B1A82CFD9AA400061E44 /* Build configuration list for PBXNativeTarget "iOSMiniProject" */;
			buildPhases = (
				7657B17B2CFD9AA200061E44 /* Sources */,
				7657B17C2CFD9AA200061E44 /* Frameworks */,
				7657B17D2CFD9AA200061E44 /* Resources */,
			);
			buildRules = (
			);
			dependencies = (
			);
			fileSystemSynchronizedGroups = (
				7657B1812CFD9AA200061E44 /* iOSMiniProject */,
			);
			name = iOSMiniProject;
			packageProductDependencies = (
			);
			productName = iOSMiniProject;
			productReference = 7657B17F2CFD9AA200061E44 /* iOSMiniProject.app */;
			productType = "com.apple.product-type.application";
		};
		7657B1942CFD9AA400061E44 /* iOSMiniProjectTests */ = {
			isa = PBXNativeTarget;
			buildConfigurationList = 7657B1AD2CFD9AA400061E44 /* Build configuration list for PBXNativeTarget "iOSMiniProjectTests" */;
			buildPhases = (
				7657B1912CFD9AA400061E44 /* Sources */,
				7657B1922CFD9AA400061E44 /* Frameworks */,
				7657B1932CFD9AA400061E44 /* Resources */,
			);
			buildRules = (
			);
			dependencies = (
				7657B1972CFD9AA400061E44 /* PBXTargetDependency */,
			);
			fileSystemSynchronizedGroups = (
				7657B1982CFD9AA400061E44 /* iOSMiniProjectTests */,
			);
			name = iOSMiniProjectTests;
			packageProductDependencies = (
			);
			productName = iOSMiniProjectTests;
			productReference = 7657B1952CFD9AA400061E44 /* iOSMiniProjectTests.xctest */;
			productType = "com.apple.product-type.bundle.unit-test";
		};
		7657B19E2CFD9AA400061E44 /* iOSMiniProjectUITests */ = {
			isa = PBXNativeTarget;
			buildConfigurationList = 7657B1B02CFD9AA400061E44 /* Build configuration list for PBXNativeTarget "iOSMiniProjectUITests" */;
			buildPhases = (
				7657B19B2CFD9AA400061E44 /* Sources */,
				7657B19C2CFD9AA400061E44 /* Frameworks */,
				7657B19D2CFD9AA400061E44 /* Resources */,
			);
			buildRules = (
			);
			dependencies = (
				7657B1A12CFD9AA400061E44 /* PBXTargetDependency */,
			);
			fileSystemSynchronizedGroups = (
				7657B1A22CFD9AA400061E44 /* iOSMiniProjectUITests */,
			);
			name = iOSMiniProjectUITests;
			packageProductDependencies = (
			);
			productName = iOSMiniProjectUITests;
			productReference = 7657B19F2CFD9AA400061E44 /* iOSMiniProjectUITests.xctest */;
			productType = "com.apple.product-type.bundle.ui-testing";
		};
/* End PBXNativeTarget section */

/* Begin PBXProject section */
		7657B1772CFD9AA200061E44 /* Project object */ = {
			isa = PBXProject;
			attributes = {
				BuildIndependentTargetsInParallel = 1;
				LastSwiftUpdateCheck = 1600;
				LastUpgradeCheck = 1600;
				TargetAttributes = {
					7657B17E2CFD9AA200061E44 = {
						CreatedOnToolsVersion = 16.0;
					};
					7657B1942CFD9AA400061E44 = {
						CreatedOnToolsVersion = 16.0;
						TestTargetID = 7657B17E2CFD9AA200061E44;
					};
					7657B19E2CFD9AA400061E44 = {
						CreatedOnToolsVersion = 16.0;
						TestTargetID = 7657B17E2CFD9AA200061E44;
					};
				};
			};
			buildConfigurationList = 7657B17A2CFD9AA200061E44 /* Build configuration list for PBXProject "iOSMiniProject" */;
			developmentRegion = en;
			hasScannedForEncodings = 0;
			knownRegions = (
				en,
				Base,
			);
			mainGroup = 7657B1762CFD9AA200061E44;
			minimizedProjectReferenceProxies = 1;
			preferredProjectObjectVersion = 77;
			productRefGroup = 7657B1802CFD9AA200061E44 /* Products */;
			projectDirPath = "";
			projectRoot = "";
			targets = (
				7657B17E2CFD9AA200061E44 /* iOSMiniProject */,
				7657B1942CFD9AA400061E44 /* iOSMiniProjectTests */,
				7657B19E2CFD9AA400061E44 /* iOSMiniProjectUITests */,
			);
		};
/* End PBXProject section */

/* Begin PBXResourcesBuildPhase section */
		7657B17D2CFD9AA200061E44 /* Resources */ = {
			isa = PBXResourcesBuildPhase;
			buildActionMask = 2147483647;
			files = (
			);
			runOnlyForDeploymentPostprocessing = 0;
		};
		7657B1932CFD9AA400061E44 /* Resources */ = {
			isa = PBXResourcesBuildPhase;
			buildActionMask = 2147483647;
			files = (
			);
			runOnlyForDeploymentPostprocessing = 0;
		};
		7657B19D2CFD9AA400061E44 /* Resources */ = {
			isa = PBXResourcesBuildPhase;
			buildActionMask = 2147483647;
			files = (
			);
			runOnlyForDeploymentPostprocessing = 0;
		};
/* End PBXResourcesBuildPhase section */

/* Begin PBXSourcesBuildPhase section */
		7657B17B2CFD9AA200061E44 /* Sources */ = {
			isa = PBXSourcesBuildPhase;
			buildActionMask = 2147483647;
			files = (
			);
			runOnlyForDeploymentPostprocessing = 0;
		};
		7657B1912CFD9AA400061E44 /* Sources */ = {
			isa = PBXSourcesBuildPhase;
			buildActionMask = 2147483647;
			files = (
			);
			runOnlyForDeploymentPostprocessing = 0;
		};
		7657B19B2CFD9AA400061E44 /* Sources */ = {
			isa = PBXSourcesBuildPhase;
			buildActionMask = 2147483647;
			files = (
			);
			runOnlyForDeploymentPostprocessing = 0;
		};
/* End PBXSourcesBuildPhase section */

/* Begin PBXTargetDependency section */
		7657B1972CFD9AA400061E44 /* PBXTargetDependency */ = {
			isa = PBXTargetDependency;
			target = 7657B17E2CFD9AA200061E44 /* iOSMiniProject */;
			targetProxy = 7657B1962CFD9AA400061E44 /* PBXContainerItemProxy */;
		};
		7657B1A12CFD9AA400061E44 /* PBXTargetDependency */ = {
			isa = PBXTargetDependency;
			target = 7657B17E2CFD9AA200061E44 /* iOSMiniProject */;
			targetProxy = 7657B1A02CFD9AA400061E44 /* PBXContainerItemProxy */;
		};
/* End PBXTargetDependency section */

/* Begin XCBuildConfiguration section */
		7657B1A92CFD9AA400061E44 /* Debug */ = {
			isa = XCBuildConfiguration;
			buildSettings = {
				ASSETCATALOG_COMPILER_APPICON_NAME = AppIcon;
				ASSETCATALOG_COMPILER_GLOBAL_ACCENT_COLOR_NAME = AccentColor;
				CODE_SIGN_STYLE = Automatic;
				CURRENT_PROJECT_VERSION = 1;
				DEVELOPMENT_TEAM = NRAJG6453M;
				GENERATE_INFOPLIST_FILE = YES;
				INFOPLIST_FILE = iOSMiniProject/Info.plist;
				INFOPLIST_KEY_UIApplicationSupportsIndirectInputEvents = YES;
				INFOPLIST_KEY_UILaunchStoryboardName = LaunchScreen;
				INFOPLIST_KEY_UIMainStoryboardFile = Main;
				INFOPLIST_KEY_UISupportedInterfaceOrientations_iPad = "UIInterfaceOrientationPortrait UIInterfaceOrientationPortraitUpsideDown UIInterfaceOrientationLandscapeLeft UIInterfaceOrientationLandscapeRight";
				INFOPLIST_KEY_UISupportedInterfaceOrientations_iPhone = "UIInterfaceOrientationPortrait UIInterfaceOrientationLandscapeLeft UIInterfaceOrientationLandscapeRight";
				IPHONEOS_DEPLOYMENT_TARGET = 18.0;
				LD_RUNPATH_SEARCH_PATHS = (
					"$(inherited)",
					"@executable_path/Frameworks",
				);
				MARKETING_VERSION = 1.0;
				PRODUCT_BUNDLE_IDENTIFIER = IOS.iOSMiniProject;
				PRODUCT_NAME = "$(TARGET_NAME)";
				SWIFT_EMIT_LOC_STRINGS = YES;
				SWIFT_VERSION = 5.0;
				TARGETED_DEVICE_FAMILY = "1,2";
			};
			name = Debug;
		};
		7657B1AA2CFD9AA400061E44 /* Release */ = {
			isa = XCBuildConfiguration;
			buildSettings = {
				ASSETCATALOG_COMPILER_APPICON_NAME = AppIcon;
				ASSETCATALOG_COMPILER_GLOBAL_ACCENT_COLOR_NAME = AccentColor;
				CODE_SIGN_STYLE = Automatic;
				CURRENT_PROJECT_VERSION = 1;
				DEVELOPMENT_TEAM = NRAJG6453M;
				GENERATE_INFOPLIST_FILE = YES;
				INFOPLIST_FILE = iOSMiniProject/Info.plist;
				INFOPLIST_KEY_UIApplicationSupportsIndirectInputEvents = YES;
				INFOPLIST_KEY_UILaunchStoryboardName = LaunchScreen;
				INFOPLIST_KEY_UIMainStoryboardFile = Main;
				INFOPLIST_KEY_UISupportedInterfaceOrientations_iPad = "UIInterfaceOrientationPortrait UIInterfaceOrientationPortraitUpsideDown UIInterfaceOrientationLandscapeLeft UIInterfaceOrientationLandscapeRight";
				INFOPLIST_KEY_UISupportedInterfaceOrientations_iPhone = "UIInterfaceOrientationPortrait UIInterfaceOrientationLandscapeLeft UIInterfaceOrientationLandscapeRight";
				IPHONEOS_DEPLOYMENT_TARGET = 18.0;
				LD_RUNPATH_SEARCH_PATHS = (
					"$(inherited)",
					"@executable_path/Frameworks",
				);
				MARKETING_VERSION = 1.0;
				PRODUCT_BUNDLE_IDENTIFIER = IOS.iOSMiniProject;
				PRODUCT_NAME = "$(TARGET_NAME)";
				SWIFT_EMIT_LOC_STRINGS = YES;
				SWIFT_VERSION = 5.0;
				TARGETED_DEVICE_FAMILY = "1,2";
			};
			name = Release;
		};
		7657B1AB2CFD9AA400061E44 /* Debug */ = {
			isa = XCBuildConfiguration;
			buildSettings = {
				ALWAYS_SEARCH_USER_PATHS = NO;
				ASSETCATALOG_COMPILER_GENERATE_SWIFT_ASSET_SYMBOL_EXTENSIONS = YES;
				CLANG_ANALYZER_NONNULL = YES;
				CLANG_ANALYZER_NUMBER_OBJECT_CONVERSION = YES_AGGRESSIVE;
				CLANG_CXX_LANGUAGE_STANDARD = "gnu++20";
				CLANG_ENABLE_MODULES = YES;
				CLANG_ENABLE_OBJC_ARC = YES;
				CLANG_ENABLE_OBJC_WEAK = YES;
				CLANG_WARN_BLOCK_CAPTURE_AUTORELEASING = YES;
				CLANG_WARN_BOOL_CONVERSION = YES;
				CLANG_WARN_COMMA = YES;
				CLANG_WARN_CONSTANT_CONVERSION = YES;
				CLANG_WARN_DEPRECATED_OBJC_IMPLEMENTATIONS = YES;
				CLANG_WARN_DIRECT_OBJC_ISA_USAGE = YES_ERROR;
				CLANG_WARN_DOCUMENTATION_COMMENTS = YES;
				CLANG_WARN_EMPTY_BODY = YES;
				CLANG_WARN_ENUM_CONVERSION = YES;
				CLANG_WARN_INFINITE_RECURSION = YES;
				CLANG_WARN_INT_CONVERSION = YES;
				CLANG_WARN_NON_LITERAL_NULL_CONVERSION = YES;
				CLANG_WARN_OBJC_IMPLICIT_RETAIN_SELF = YES;
				CLANG_WARN_OBJC_LITERAL_CONVERSION = YES;
				CLANG_WARN_OBJC_ROOT_CLASS = YES_ERROR;
				CLANG_WARN_QUOTED_INCLUDE_IN_FRAMEWORK_HEADER = YES;
				CLANG_WARN_RANGE_LOOP_ANALYSIS = YES;
				CLANG_WARN_STRICT_PROTOTYPES = YES;
				CLANG_WARN_SUSPICIOUS_MOVE = YES;
				CLANG_WARN_UNGUARDED_AVAILABILITY = YES_AGGRESSIVE;
				CLANG_WARN_UNREACHABLE_CODE = YES;
				CLANG_WARN__DUPLICATE_METHOD_MATCH = YES;
				COPY_PHASE_STRIP = NO;
				DEBUG_INFORMATION_FORMAT = dwarf;
				ENABLE_STRICT_OBJC_MSGSEND = YES;
				ENABLE_TESTABILITY = YES;
				ENABLE_USER_SCRIPT_SANDBOXING = YES;
				GCC_C_LANGUAGE_STANDARD = gnu17;
				GCC_DYNAMIC_NO_PIC = NO;
				GCC_NO_COMMON_BLOCKS = YES;
				GCC_OPTIMIZATION_LEVEL = 0;
				GCC_PREPROCESSOR_DEFINITIONS = (
					"DEBUG=1",
					"$(inherited)",
				);
				GCC_WARN_64_TO_32_BIT_CONVERSION = YES;
				GCC_WARN_ABOUT_RETURN_TYPE = YES_ERROR;
				GCC_WARN_UNDECLARED_SELECTOR = YES;
				GCC_WARN_UNINITIALIZED_AUTOS = YES_AGGRESSIVE;
				GCC_WARN_UNUSED_FUNCTION = YES;
				GCC_WARN_UNUSED_VARIABLE = YES;
				IPHONEOS_DEPLOYMENT_TARGET = 18.0;
				LOCALIZATION_PREFERS_STRING_CATALOGS = YES;
				MTL_ENABLE_DEBUG_INFO = INCLUDE_SOURCE;
				MTL_FAST_MATH = YES;
				ONLY_ACTIVE_ARCH = YES;
				SDKROOT = iphoneos;
				SWIFT_ACTIVE_COMPILATION_CONDITIONS = "DEBUG $(inherited)";
				SWIFT_OPTIMIZATION_LEVEL = "-Onone";
			};
			name = Debug;
		};
		7657B1AC2CFD9AA400061E44 /* Release */ = {
			isa = XCBuildConfiguration;
			buildSettings = {
				ALWAYS_SEARCH_USER_PATHS = NO;
				ASSETCATALOG_COMPILER_GENERATE_SWIFT_ASSET_SYMBOL_EXTENSIONS = YES;
				CLANG_ANALYZER_NONNULL = YES;
				CLANG_ANALYZER_NUMBER_OBJECT_CONVERSION = YES_AGGRESSIVE;
				CLANG_CXX_LANGUAGE_STANDARD = "gnu++20";
				CLANG_ENABLE_MODULES = YES;
				CLANG_ENABLE_OBJC_ARC = YES;
				CLANG_ENABLE_OBJC_WEAK = YES;
				CLANG_WARN_BLOCK_CAPTURE_AUTORELEASING = YES;
				CLANG_WARN_BOOL_CONVERSION = YES;
				CLANG_WARN_COMMA = YES;
				CLANG_WARN_CONSTANT_CONVERSION = YES;
				CLANG_WARN_DEPRECATED_OBJC_IMPLEMENTATIONS = YES;
				CLANG_WARN_DIRECT_OBJC_ISA_USAGE = YES_ERROR;
				CLANG_WARN_DOCUMENTATION_COMMENTS = YES;
				CLANG_WARN_EMPTY_BODY = YES;
				CLANG_WARN_ENUM_CONVERSION = YES;
				CLANG_WARN_INFINITE_RECURSION = YES;
				CLANG_WARN_INT_CONVERSION = YES;
				CLANG_WARN_NON_LITERAL_NULL_CONVERSION = YES;
				CLANG_WARN_OBJC_IMPLICIT_RETAIN_SELF = YES;
				CLANG_WARN_OBJC_LITERAL_CONVERSION = YES;
				CLANG_WARN_OBJC_ROOT_CLASS = YES_ERROR;
				CLANG_WARN_QUOTED_INCLUDE_IN_FRAMEWORK_HEADER = YES;
				CLANG_WARN_RANGE_LOOP_ANALYSIS = YES;
				CLANG_WARN_STRICT_PROTOTYPES = YES;
				CLANG_WARN_SUSPICIOUS_MOVE = YES;
				CLANG_WARN_UNGUARDED_AVAILABILITY = YES_AGGRESSIVE;
				CLANG_WARN_UNREACHABLE_CODE = YES;
				CLANG_WARN__DUPLICATE_METHOD_MATCH = YES;
				COPY_PHASE_STRIP = NO;
				DEBUG_INFORMATION_FORMAT = "dwarf-with-dsym";
				ENABLE_NS_ASSERTIONS = NO;
				ENABLE_STRICT_OBJC_MSGSEND = YES;
				ENABLE_USER_SCRIPT_SANDBOXING = YES;
				GCC_C_LANGUAGE_STANDARD = gnu17;
				GCC_NO_COMMON_BLOCKS = YES;
				GCC_WARN_64_TO_32_BIT_CONVERSION = YES;
				GCC_WARN_ABOUT_RETURN_TYPE = YES_ERROR;
				GCC_WARN_UNDECLARED_SELECTOR = YES;
				GCC_WARN_UNINITIALIZED_AUTOS = YES_AGGRESSIVE;
				GCC_WARN_UNUSED_FUNCTION = YES;
				GCC_WARN_UNUSED_VARIABLE = YES;
				IPHONEOS_DEPLOYMENT_TARGET = 18.0;
				LOCALIZATION_PREFERS_STRING_CATALOGS = YES;
				MTL_ENABLE_DEBUG_INFO = NO;
				MTL_FAST_MATH = YES;
				SDKROOT = iphoneos;
				SWIFT_COMPILATION_MODE = wholemodule;
				VALIDATE_PRODUCT = YES;
			};
			name = Release;
		};
		7657B1AE2CFD9AA400061E44 /* Debug */ = {
			isa = XCBuildConfiguration;
			buildSettings = {
				BUNDLE_LOADER = "$(TEST_HOST)";
				CODE_SIGN_STYLE = Automatic;
				CURRENT_PROJECT_VERSION = 1;
				DEVELOPMENT_TEAM = NRAJG6453M;
				GENERATE_INFOPLIST_FILE = YES;
				IPHONEOS_DEPLOYMENT_TARGET = 18.0;
				MARKETING_VERSION = 1.0;
				PRODUCT_BUNDLE_IDENTIFIER = IOS.iOSMiniProjectTests;
				PRODUCT_NAME = "$(TARGET_NAME)";
				SWIFT_EMIT_LOC_STRINGS = NO;
				SWIFT_VERSION = 5.0;
				TARGETED_DEVICE_FAMILY = "1,2";
				TEST_HOST = "$(BUILT_PRODUCTS_DIR)/iOSMiniProject.app/$(BUNDLE_EXECUTABLE_FOLDER_PATH)/iOSMiniProject";
			};
			name = Debug;
		};
		7657B1AF2CFD9AA400061E44 /* Release */ = {
			isa = XCBuildConfiguration;
			buildSettings = {
				BUNDLE_LOADER = "$(TEST_HOST)";
				CODE_SIGN_STYLE = Automatic;
				CURRENT_PROJECT_VERSION = 1;
				DEVELOPMENT_TEAM = NRAJG6453M;
				GENERATE_INFOPLIST_FILE = YES;
				IPHONEOS_DEPLOYMENT_TARGET = 18.0;
				MARKETING_VERSION = 1.0;
				PRODUCT_BUNDLE_IDENTIFIER = IOS.iOSMiniProjectTests;
				PRODUCT_NAME = "$(TARGET_NAME)";
				SWIFT_EMIT_LOC_STRINGS = NO;
				SWIFT_VERSION = 5.0;
				TARGETED_DEVICE_FAMILY = "1,2";
				TEST_HOST = "$(BUILT_PRODUCTS_DIR)/iOSMiniProject.app/$(BUNDLE_EXECUTABLE_FOLDER_PATH)/iOSMiniProject";
			};
			name = Release;
		};
		7657B1B12CFD9AA400061E44 /* Debug */ = {
			isa = XCBuildConfiguration;
			buildSettings = {
				CODE_SIGN_STYLE = Automatic;
				CURRENT_PROJECT_VERSION = 1;
				DEVELOPMENT_TEAM = NRAJG6453M;
				GENERATE_INFOPLIST_FILE = YES;
				MARKETING_VERSION = 1.0;
				PRODUCT_BUNDLE_IDENTIFIER = IOS.iOSMiniProjectUITests;
				PRODUCT_NAME = "$(TARGET_NAME)";
				SWIFT_EMIT_LOC_STRINGS = NO;
				SWIFT_VERSION = 5.0;
				TARGETED_DEVICE_FAMILY = "1,2";
				TEST_TARGET_NAME = iOSMiniProject;
			};
			name = Debug;
		};
		7657B1B22CFD9AA400061E44 /* Release */ = {
			isa = XCBuildConfiguration;
			buildSettings = {
				CODE_SIGN_STYLE = Automatic;
				CURRENT_PROJECT_VERSION = 1;
				DEVELOPMENT_TEAM = NRAJG6453M;
				GENERATE_INFOPLIST_FILE = YES;
				MARKETING_VERSION = 1.0;
				PRODUCT_BUNDLE_IDENTIFIER = IOS.iOSMiniProjectUITests;
				PRODUCT_NAME = "$(TARGET_NAME)";
				SWIFT_EMIT_LOC_STRINGS = NO;
				SWIFT_VERSION = 5.0;
				TARGETED_DEVICE_FAMILY = "1,2";
				TEST_TARGET_NAME = iOSMiniProject;
			};
			name = Release;
		};
/* End XCBuildConfiguration section */

/* Begin XCConfigurationList section */
		7657B17A2CFD9AA200061E44 /* Build configuration list for PBXProject "iOSMiniProject" */ = {
			isa = XCConfigurationList;
			buildConfigurations = (
				7657B1AB2CFD9AA400061E44 /* Debug */,
				7657B1AC2CFD9AA400061E44 /* Release */,
			);
			defaultConfigurationIsVisible = 0;
			defaultConfigurationName = Release;
		};
		7657B1A82CFD9AA400061E44 /* Build configuration list for PBXNativeTarget "iOSMiniProject" */ = {
			isa = XCConfigurationList;
			buildConfigurations = (
				7657B1A92CFD9AA400061E44 /* Debug */,
				7657B1AA2CFD9AA400061E44 /* Release */,
			);
			defaultConfigurationIsVisible = 0;
			defaultConfigurationName = Release;
		};
		7657B1AD2CFD9AA400061E44 /* Build configuration list for PBXNativeTarget "iOSMiniProjectTests" */ = {
			isa = XCConfigurationList;
			buildConfigurations = (
				7657B1AE2CFD9AA400061E44 /* Debug */,
				7657B1AF2CFD9AA400061E44 /* Release */,
			);
			defaultConfigurationIsVisible = 0;
			defaultConfigurationName = Release;
		};
		7657B1B02CFD9AA400061E44 /* Build configuration list for PBXNativeTarget "iOSMiniProjectUITests" */ = {
			isa = XCConfigurationList;
			buildConfigurations = (
				7657B1B12CFD9AA400061E44 /* Debug */,
				7657B1B22CFD9AA400061E44 /* Release */,
			);
			defaultConfigurationIsVisible = 0;
			defaultConfigurationName = Release;
		};
/* End XCConfigurationList section */
	};
	rootObject = 7657B1772CFD9AA200061E44 /* Project object */;
}
